
Microsoft Visual Studio Solution File, Format Version 12.00
# Visual Studio Version 17
VisualStudioVersion = 17.13.35828.75 d17.13
MinimumVisualStudioVersion = 10.0.40219.1
Project("{FAE04EC0-301F-11D3-BF4B-00C04F79EFBC}") = "CloudEase.API", "CloudEase.API\CloudEase.API.csproj", "{46AB1AA4-4029-4C2C-981D-A17D3C9730F1}"
EndProject
Global
	GlobalSection(SolutionConfigurationPlatforms) = preSolution
		Debug|Any CPU = Debug|Any CPU
		Release|Any CPU = Release|Any CPU
	EndGlobalSection
	GlobalSection(ProjectConfigurationPlatforms) = postSolution
		{46AB1AA4-4029-4C2C-981D-A17D3C9730F1}.Debug|Any CPU.ActiveCfg = Debug|Any CPU
		{46AB1AA4-4029-4C2C-981D-A17D3C9730F1}.Debug|Any CPU.Build.0 = Debug|Any CPU
		{46AB1AA4-4029-4C2C-981D-A17D3C9730F1}.Release|Any CPU.ActiveCfg = Release|Any CPU
		{46AB1AA4-4029-4C2C-981D-A17D3C9730F1}.Release|Any CPU.Build.0 = Release|Any CPU
	EndGlobalSection
	GlobalSection(SolutionProperties) = preSolution
		HideSolutionNode = FALSE
	EndGlobalSection
	GlobalSection(ExtensibilityGlobals) = postSolution
		SolutionGuid = {EDFAFF0A-0BEB-410E-9EBF-36C4FDEA59D1}
	EndGlobalSection
EndGlobal
